
Microsoft Visual Studio Solution File, Format Version 12.00
# Visual Studio Version 17
VisualStudioVersion = 17.2.32526.322
MinimumVisualStudioVersion = 10.0.40219.1
Project("{8BC9CEB8-8B4A-11D0-8D11-00A0C91BC942}") = "Banking Project - V4", "Banking Project - V4.vcxproj", "{7707F08C-2C0B-461C-AEA9-B6CBE71893D8}"
EndProject
Global
	GlobalSection(SolutionConfigurationPlatforms) = preSolution
		Debug|x64 = Debug|x64
		Debug|x86 = Debug|x86
		Release|x64 = Release|x64
		Release|x86 = Release|x86
	EndGlobalSection
	GlobalSection(ProjectConfigurationPlatforms) = postSolution
		{7707F08C-2C0B-461C-AEA9-B6CBE71893D8}.Debug|x64.ActiveCfg = Debug|x64
		{7707F08C-2C0B-461C-AEA9-B6CBE71893D8}.Debug|x64.Build.0 = Debug|x64
		{7707F08C-2C0B-461C-AEA9-B6CBE71893D8}.Debug|x86.ActiveCfg = Debug|Win32
		{7707F08C-2C0B-461C-AEA9-B6CBE71893D8}.Debug|x86.Build.0 = Debug|Win32
		{7707F08C-2C0B-461C-AEA9-B6CBE71893D8}.Release|x64.ActiveCfg = Release|x64
		{7707F08C-2C0B-461C-AEA9-B6CBE71893D8}.Release|x64.Build.0 = Release|x64
		{7707F08C-2C0B-461C-AEA9-B6CBE71893D8}.Release|x86.ActiveCfg = Release|Win32
		{7707F08C-2C0B-461C-AEA9-B6CBE71893D8}.Release|x86.Build.0 = Release|Win32
	EndGlobalSection
	GlobalSection(SolutionProperties) = preSolution
		HideSolutionNode = FALSE
	EndGlobalSection
	GlobalSection(ExtensibilityGlobals) = postSolution
		SolutionGuid = {C696B2B7-1840-4F5E-B470-2AA4A4BFB177}
	EndGlobalSection
EndGlobal
